
Microsoft Visual Studio Solution File, Format Version 12.00
Project("{FAE04EC0-301F-11D3-BF4B-00C04F79EFBC}") = "Svintus.MovieNightMakerBot.Api", "Svintus.MovieNightMakerBot.Api\Svintus.MovieNightMakerBot.Api.csproj", "{91995BA3-152C-44A0-97DB-2426D0082676}"
EndProject
Project("{FAE04EC0-301F-11D3-BF4B-00C04F79EFBC}") = "Svintus.MovieNightMakerBot.Core", "Svintus.MovieNightMakerBot.Core\Svintus.MovieNightMakerBot.Core.csproj", "{7BBD7871-9A35-462B-BABD-1DA103A1E999}"
EndProject
Project("{FAE04EC0-301F-11D3-BF4B-00C04F79EFBC}") = "Svintus.MovieNightMakerBot.Application", "Svintus.MovieNightMakerBot.Application\Svintus.MovieNightMakerBot.Application.csproj", "{245D3623-A5FD-49E8-AADA-E19F0847B68E}"
EndProject
Project("{FAE04EC0-301F-11D3-BF4B-00C04F79EFBC}") = "Svintus.MovieNightMakerBot.Integrations", "Svintus.MovieNightMakerBot.Integrations\Svintus.MovieNightMakerBot.Integrations.csproj", "{A5091E38-22B4-46FA-8E5B-7B459588ED87}"
EndProject
Global
	GlobalSection(SolutionConfigurationPlatforms) = preSolution
		Debug|Any CPU = Debug|Any CPU
		Release|Any CPU = Release|Any CPU
	EndGlobalSection
	GlobalSection(ProjectConfigurationPlatforms) = postSolution
		{91995BA3-152C-44A0-97DB-2426D0082676}.Debug|Any CPU.ActiveCfg = Debug|Any CPU
		{91995BA3-152C-44A0-97DB-2426D0082676}.Debug|Any CPU.Build.0 = Debug|Any CPU
		{91995BA3-152C-44A0-97DB-2426D0082676}.Release|Any CPU.ActiveCfg = Release|Any CPU
		{91995BA3-152C-44A0-97DB-2426D0082676}.Release|Any CPU.Build.0 = Release|Any CPU
		{7BBD7871-9A35-462B-BABD-1DA103A1E999}.Debug|Any CPU.ActiveCfg = Debug|Any CPU
		{7BBD7871-9A35-462B-BABD-1DA103A1E999}.Debug|Any CPU.Build.0 = Debug|Any CPU
		{7BBD7871-9A35-462B-BABD-1DA103A1E999}.Release|Any CPU.ActiveCfg = Release|Any CPU
		{7BBD7871-9A35-462B-BABD-1DA103A1E999}.Release|Any CPU.Build.0 = Release|Any CPU
		{245D3623-A5FD-49E8-AADA-E19F0847B68E}.Debug|Any CPU.ActiveCfg = Debug|Any CPU
		{245D3623-A5FD-49E8-AADA-E19F0847B68E}.Debug|Any CPU.Build.0 = Debug|Any CPU
		{245D3623-A5FD-49E8-AADA-E19F0847B68E}.Release|Any CPU.ActiveCfg = Release|Any CPU
		{245D3623-A5FD-49E8-AADA-E19F0847B68E}.Release|Any CPU.Build.0 = Release|Any CPU
		{A5091E38-22B4-46FA-8E5B-7B459588ED87}.Debug|Any CPU.ActiveCfg = Debug|Any CPU
		{A5091E38-22B4-46FA-8E5B-7B459588ED87}.Debug|Any CPU.Build.0 = Debug|Any CPU
		{A5091E38-22B4-46FA-8E5B-7B459588ED87}.Release|Any CPU.ActiveCfg = Release|Any CPU
		{A5091E38-22B4-46FA-8E5B-7B459588ED87}.Release|Any CPU.Build.0 = Release|Any CPU
	EndGlobalSection
EndGlobal
